// !$*UTF8*$!
{
	archiveVersion = 1;
	classes = {
	};
	objectVersion = 55;
	objects = {

/* Begin PBXBuildFile section */
		EB1751A82777736A008F649F /* Shapes.swift in Sources */ = {isa = PBXBuildFile; fileRef = EB1751A72777736A008F649F /* Shapes.swift */; };
		EB1751AA2777737F008F649F /* Cards.swift in Sources */ = {isa = PBXBuildFile; fileRef = EB1751A92777737F008F649F /* Cards.swift */; };
		EB1751AE27778897008F649F /* BoardGameController.swift in Sources */ = {isa = PBXBuildFile; fileRef = EB1751AD27778897008F649F /* BoardGameController.swift */; };
		EB1751B12777A32B008F649F /* Card.swift in Sources */ = {isa = PBXBuildFile; fileRef = EB1751B02777A32B008F649F /* Card.swift */; };
		EB1751B32777A456008F649F /* Game.swift in Sources */ = {isa = PBXBuildFile; fileRef = EB1751B22777A456008F649F /* Game.swift */; };
		EB1751B62778732D008F649F /* CardViewFactory.swift in Sources */ = {isa = PBXBuildFile; fileRef = EB1751B52778732D008F649F /* CardViewFactory.swift */; };
		EBFA02932768DA8A0021FE79 /* AppDelegate.swift in Sources */ = {isa = PBXBuildFile; fileRef = EBFA02922768DA8A0021FE79 /* AppDelegate.swift */; };
		EBFA02952768DA8A0021FE79 /* SceneDelegate.swift in Sources */ = {isa = PBXBuildFile; fileRef = EBFA02942768DA8A0021FE79 /* SceneDelegate.swift */; };
		EBFA029A2768DA8A0021FE79 /* Main.storyboard in Resources */ = {isa = PBXBuildFile; fileRef = EBFA02982768DA8A0021FE79 /* Main.storyboard */; };
		EBFA029C2768DA930021FE79 /* Assets.xcassets in Resources */ = {isa = PBXBuildFile; fileRef = EBFA029B2768DA930021FE79 /* Assets.xcassets */; };
		EBFA029F2768DA930021FE79 /* LaunchScreen.storyboard in Resources */ = {isa = PBXBuildFile; fileRef = EBFA029D2768DA930021FE79 /* LaunchScreen.storyboard */; };
/* End PBXBuildFile section */

/* Begin PBXFileReference section */
		EB1751A72777736A008F649F /* Shapes.swift */ = {isa = PBXFileReference; lastKnownFileType = sourcecode.swift; path = Shapes.swift; sourceTree = "<group>"; };
		EB1751A92777737F008F649F /* Cards.swift */ = {isa = PBXFileReference; lastKnownFileType = sourcecode.swift; path = Cards.swift; sourceTree = "<group>"; };
		EB1751AD27778897008F649F /* BoardGameController.swift */ = {isa = PBXFileReference; lastKnownFileType = sourcecode.swift; path = BoardGameController.swift; sourceTree = "<group>"; };
		EB1751B02777A32B008F649F /* Card.swift */ = {isa = PBXFileReference; lastKnownFileType = sourcecode.swift; path = Card.swift; sourceTree = "<group>"; };
		EB1751B22777A456008F649F /* Game.swift */ = {isa = PBXFileReference; lastKnownFileType = sourcecode.swift; path = Game.swift; sourceTree = "<group>"; };
		EB1751B52778732D008F649F /* CardViewFactory.swift */ = {isa = PBXFileReference; lastKnownFileType = sourcecode.swift; path = CardViewFactory.swift; sourceTree = "<group>"; };
		EBD306E4276CB2600095E1BF /* app playground.playground */ = {isa = PBXFileReference; lastKnownFileType = file.playground; path = "app playground.playground"; sourceTree = "<group>"; xcLanguageSpecificationIdentifier = xcode.lang.swift; };
		EBFA028F2768DA8A0021FE79 /* Cards.app */ = {isa = PBXFileReference; explicitFileType = wrapper.application; includeInIndex = 0; path = Cards.app; sourceTree = BUILT_PRODUCTS_DIR; };
		EBFA02922768DA8A0021FE79 /* AppDelegate.swift */ = {isa = PBXFileReference; lastKnownFileType = sourcecode.swift; path = AppDelegate.swift; sourceTree = "<group>"; };
		EBFA02942768DA8A0021FE79 /* SceneDelegate.swift */ = {isa = PBXFileReference; lastKnownFileType = sourcecode.swift; path = SceneDelegate.swift; sourceTree = "<group>"; };
		EBFA02992768DA8A0021FE79 /* Base */ = {isa = PBXFileReference; lastKnownFileType = file.storyboard; name = Base; path = Base.lproj/Main.storyboard; sourceTree = "<group>"; };
		EBFA029B2768DA930021FE79 /* Assets.xcassets */ = {isa = PBXFileReference; lastKnownFileType = folder.assetcatalog; path = Assets.xcassets; sourceTree = "<group>"; };
		EBFA029E2768DA930021FE79 /* Base */ = {isa = PBXFileReference; lastKnownFileType = file.storyboard; name = Base; path = Base.lproj/LaunchScreen.storyboard; sourceTree = "<group>"; };
		EBFA02A02768DA930021FE79 /* Info.plist */ = {isa = PBXFileReference; lastKnownFileType = text.plist.xml; path = Info.plist; sourceTree = "<group>"; };
		EBFA02A62768DACC0021FE79 /* ViewExperiments.playground */ = {isa = PBXFileReference; lastKnownFileType = file.playground; path = ViewExperiments.playground; sourceTree = "<group>"; xcLanguageSpecificationIdentifier = xcode.lang.swift; };
		EBFA02FE276B73DC0021FE79 /* BezeirExperiments.playground */ = {isa = PBXFileReference; lastKnownFileType = file.playground; path = BezeirExperiments.playground; sourceTree = "<group>"; xcLanguageSpecificationIdentifier = xcode.lang.swift; };
/* End PBXFileReference section */

/* Begin PBXFrameworksBuildPhase section */
		EBFA028C2768DA8A0021FE79 /* Frameworks */ = {
			isa = PBXFrameworksBuildPhase;
			buildActionMask = 2147483647;
			files = (
			);
			runOnlyForDeploymentPostprocessing = 0;
		};
/* End PBXFrameworksBuildPhase section */

/* Begin PBXGroup section */
		EB1751A62777733F008F649F /* View */ = {
			isa = PBXGroup;
			children = (
				EB1751AB27778790008F649F /* Storyboards */,
				EB1751A72777736A008F649F /* Shapes.swift */,
				EB1751A92777737F008F649F /* Cards.swift */,
			);
			path = View;
			sourceTree = "<group>";
		};
		EB1751AB27778790008F649F /* Storyboards */ = {
			isa = PBXGroup;
			children = (
				EBFA029D2768DA930021FE79 /* LaunchScreen.storyboard */,
				EBFA02982768DA8A0021FE79 /* Main.storyboard */,
			);
			path = Storyboards;
			sourceTree = "<group>";
		};
		EB1751AC27778848008F649F /* Controller */ = {
			isa = PBXGroup;
			children = (
				EB1751AD27778897008F649F /* BoardGameController.swift */,
			);
			path = Controller;
			sourceTree = "<group>";
		};
		EB1751AF277788CC008F649F /* Model */ = {
			isa = PBXGroup;
			children = (
				EB1751B02777A32B008F649F /* Card.swift */,
				EB1751B22777A456008F649F /* Game.swift */,
			);
			path = Model;
			sourceTree = "<group>";
		};
		EB1751B427787110008F649F /* Helpers */ = {
			isa = PBXGroup;
			children = (
				EB1751B52778732D008F649F /* CardViewFactory.swift */,
			);
			path = Helpers;
			sourceTree = "<group>";
		};
		EBFA02862768DA8A0021FE79 = {
			isa = PBXGroup;
			children = (
				EBD306E4276CB2600095E1BF /* app playground.playground */,
				EBFA02FE276B73DC0021FE79 /* BezeirExperiments.playground */,
				EBFA02A62768DACC0021FE79 /* ViewExperiments.playground */,
				EBFA02912768DA8A0021FE79 /* Cards */,
				EBFA02902768DA8A0021FE79 /* Products */,
			);
			sourceTree = "<group>";
		};
		EBFA02902768DA8A0021FE79 /* Products */ = {
			isa = PBXGroup;
			children = (
				EBFA028F2768DA8A0021FE79 /* Cards.app */,
			);
			name = Products;
			sourceTree = "<group>";
		};
		EBFA02912768DA8A0021FE79 /* Cards */ = {
			isa = PBXGroup;
			children = (
				EB1751B427787110008F649F /* Helpers */,
				EB1751AF277788CC008F649F /* Model */,
				EB1751A62777733F008F649F /* View */,
				EB1751AC27778848008F649F /* Controller */,
				EBFA02922768DA8A0021FE79 /* AppDelegate.swift */,
				EBFA02942768DA8A0021FE79 /* SceneDelegate.swift */,
				EBFA029B2768DA930021FE79 /* Assets.xcassets */,
				EBFA02A02768DA930021FE79 /* Info.plist */,
			);
			path = Cards;
			sourceTree = "<group>";
		};
/* End PBXGroup section */

/* Begin PBXNativeTarget section */
		EBFA028E2768DA8A0021FE79 /* Cards */ = {
			isa = PBXNativeTarget;
			buildConfigurationList = EBFA02A32768DA930021FE79 /* Build configuration list for PBXNativeTarget "Cards" */;
			buildPhases = (
				EBFA028B2768DA8A0021FE79 /* Sources */,
				EBFA028C2768DA8A0021FE79 /* Frameworks */,
				EBFA028D2768DA8A0021FE79 /* Resources */,
			);
			buildRules = (
			);
			dependencies = (
			);
			name = Cards;
			productName = Cards;
			productReference = EBFA028F2768DA8A0021FE79 /* Cards.app */;
			productType = "com.apple.product-type.application";
		};
/* End PBXNativeTarget section */

/* Begin PBXProject section */
		EBFA02872768DA8A0021FE79 /* Project object */ = {
			isa = PBXProject;
			attributes = {
				BuildIndependentTargetsInParallel = 1;
				LastSwiftUpdateCheck = 1310;
				LastUpgradeCheck = 1310;
				TargetAttributes = {
					EBFA028E2768DA8A0021FE79 = {
						CreatedOnToolsVersion = 13.1;
					};
				};
			};
			buildConfigurationList = EBFA028A2768DA8A0021FE79 /* Build configuration list for PBXProject "Cards" */;
			compatibilityVersion = "Xcode 13.0";
			developmentRegion = en;
			hasScannedForEncodings = 0;
			knownRegions = (
				en,
				Base,
			);
			mainGroup = EBFA02862768DA8A0021FE79;
			productRefGroup = EBFA02902768DA8A0021FE79 /* Products */;
			projectDirPath = "";
			projectRoot = "";
			targets = (
				EBFA028E2768DA8A0021FE79 /* Cards */,
			);
		};
/* End PBXProject section */

/* Begin PBXResourcesBuildPhase section */
		EBFA028D2768DA8A0021FE79 /* Resources */ = {
			isa = PBXResourcesBuildPhase;
			buildActionMask = 2147483647;
			files = (
				EBFA029F2768DA930021FE79 /* LaunchScreen.storyboard in Resources */,
				EBFA029C2768DA930021FE79 /* Assets.xcassets in Resources */,
				EBFA029A2768DA8A0021FE79 /* Main.storyboard in Resources */,
			);
			runOnlyForDeploymentPostprocessing = 0;
		};
/* End PBXResourcesBuildPhase section */

/* Begin PBXSourcesBuildPhase section */
		EBFA028B2768DA8A0021FE79 /* Sources */ = {
			isa = PBXSourcesBuildPhase;
			buildActionMask = 2147483647;
			files = (
				EB1751AE27778897008F649F /* BoardGameController.swift in Sources */,
				EB1751B12777A32B008F649F /* Card.swift in Sources */,
				EB1751B32777A456008F649F /* Game.swift in Sources */,
				EB1751AA2777737F008F649F /* Cards.swift in Sources */,
				EBFA02932768DA8A0021FE79 /* AppDelegate.swift in Sources */,
				EB1751B62778732D008F649F /* CardViewFactory.swift in Sources */,
				EBFA02952768DA8A0021FE79 /* SceneDelegate.swift in Sources */,
				EB1751A82777736A008F649F /* Shapes.swift in Sources */,
			);
			runOnlyForDeploymentPostprocessing = 0;
		};
/* End PBXSourcesBuildPhase section */

/* Begin PBXVariantGroup section */
		EBFA02982768DA8A0021FE79 /* Main.storyboard */ = {
			isa = PBXVariantGroup;
			children = (
				EBFA02992768DA8A0021FE79 /* Base */,
			);
			name = Main.storyboard;
			sourceTree = "<group>";
		};
		EBFA029D2768DA930021FE79 /* LaunchScreen.storyboard */ = {
			isa = PBXVariantGroup;
			children = (
				EBFA029E2768DA930021FE79 /* Base */,
			);
			name = LaunchScreen.storyboard;
			sourceTree = "<group>";
		};
/* End PBXVariantGroup section */

/* Begin XCBuildConfiguration section */
		EBFA02A12768DA930021FE79 /* Debug */ = {
			isa = XCBuildConfiguration;
			buildSettings = {
				ALWAYS_SEARCH_USER_PATHS = NO;
				CLANG_ANALYZER_NONNULL = YES;
				CLANG_ANALYZER_NUMBER_OBJECT_CONVERSION = YES_AGGRESSIVE;
				CLANG_CXX_LANGUAGE_STANDARD = "gnu++17";
				CLANG_CXX_LIBRARY = "libc++";
				CLANG_ENABLE_MODULES = YES;
				CLANG_ENABLE_OBJC_ARC = YES;
				CLANG_ENABLE_OBJC_WEAK = YES;
				CLANG_WARN_BLOCK_CAPTURE_AUTORELEASING = YES;
				CLANG_WARN_BOOL_CONVERSION = YES;
				CLANG_WARN_COMMA = YES;
				CLANG_WARN_CONSTANT_CONVERSION = YES;
				CLANG_WARN_DEPRECATED_OBJC_IMPLEMENTATIONS = YES;
				CLANG_WARN_DIRECT_OBJC_ISA_USAGE = YES_ERROR;
				CLANG_WARN_DOCUMENTATION_COMMENTS = YES;
				CLANG_WARN_EMPTY_BODY = YES;
				CLANG_WARN_ENUM_CONVERSION = YES;
				CLANG_WARN_INFINITE_RECURSION = YES;
				CLANG_WARN_INT_CONVERSION = YES;
				CLANG_WARN_NON_LITERAL_NULL_CONVERSION = YES;
				CLANG_WARN_OBJC_IMPLICIT_RETAIN_SELF = YES;
				CLANG_WARN_OBJC_LITERAL_CONVERSION = YES;
				CLANG_WARN_OBJC_ROOT_CLASS = YES_ERROR;
				CLANG_WARN_QUOTED_INCLUDE_IN_FRAMEWORK_HEADER = YES;
				CLANG_WARN_RANGE_LOOP_ANALYSIS = YES;
				CLANG_WARN_STRICT_PROTOTYPES = YES;
				CLANG_WARN_SUSPICIOUS_MOVE = YES;
				CLANG_WARN_UNGUARDED_AVAILABILITY = YES_AGGRESSIVE;
				CLANG_WARN_UNREACHABLE_CODE = YES;
				CLANG_WARN__DUPLICATE_METHOD_MATCH = YES;
				COPY_PHASE_STRIP = NO;
				DEBUG_INFORMATION_FORMAT = dwarf;
				ENABLE_STRICT_OBJC_MSGSEND = YES;
				ENABLE_TESTABILITY = YES;
				GCC_C_LANGUAGE_STANDARD = gnu11;
				GCC_DYNAMIC_NO_PIC = NO;
				GCC_NO_COMMON_BLOCKS = YES;
				GCC_OPTIMIZATION_LEVEL = 0;
				GCC_PREPROCESSOR_DEFINITIONS = (
					"DEBUG=1",
					"$(inherited)",
				);
				GCC_WARN_64_TO_32_BIT_CONVERSION = YES;
				GCC_WARN_ABOUT_RETURN_TYPE = YES_ERROR;
				GCC_WARN_UNDECLARED_SELECTOR = YES;
				GCC_WARN_UNINITIALIZED_AUTOS = YES_AGGRESSIVE;
				GCC_WARN_UNUSED_FUNCTION = YES;
				GCC_WARN_UNUSED_VARIABLE = YES;
				IPHONEOS_DEPLOYMENT_TARGET = 15.0;
				MTL_ENABLE_DEBUG_INFO = INCLUDE_SOURCE;
				MTL_FAST_MATH = YES;
				ONLY_ACTIVE_ARCH = YES;
				SDKROOT = iphoneos;
				SWIFT_ACTIVE_COMPILATION_CONDITIONS = DEBUG;
				SWIFT_OPTIMIZATION_LEVEL = "-Onone";
			};
			name = Debug;
		};
		EBFA02A22768DA930021FE79 /* Release */ = {
			isa = XCBuildConfiguration;
			buildSettings = {
				ALWAYS_SEARCH_USER_PATHS = NO;
				CLANG_ANALYZER_NONNULL = YES;
				CLANG_ANALYZER_NUMBER_OBJECT_CONVERSION = YES_AGGRESSIVE;
				CLANG_CXX_LANGUAGE_STANDARD = "gnu++17";
				CLANG_CXX_LIBRARY = "libc++";
				CLANG_ENABLE_MODULES = YES;
				CLANG_ENABLE_OBJC_ARC = YES;
				CLANG_ENABLE_OBJC_WEAK = YES;
				CLANG_WARN_BLOCK_CAPTURE_AUTORELEASING = YES;
				CLANG_WARN_BOOL_CONVERSION = YES;
				CLANG_WARN_COMMA = YES;
				CLANG_WARN_CONSTANT_CONVERSION = YES;
				CLANG_WARN_DEPRECATED_OBJC_IMPLEMENTATIONS = YES;
				CLANG_WARN_DIRECT_OBJC_ISA_USAGE = YES_ERROR;
				CLANG_WARN_DOCUMENTATION_COMMENTS = YES;
				CLANG_WARN_EMPTY_BODY = YES;
				CLANG_WARN_ENUM_CONVERSION = YES;
				CLANG_WARN_INFINITE_RECURSION = YES;
				CLANG_WARN_INT_CONVERSION = YES;
				CLANG_WARN_NON_LITERAL_NULL_CONVERSION = YES;
				CLANG_WARN_OBJC_IMPLICIT_RETAIN_SELF = YES;
				CLANG_WARN_OBJC_LITERAL_CONVERSION = YES;
				CLANG_WARN_OBJC_ROOT_CLASS = YES_ERROR;
				CLANG_WARN_QUOTED_INCLUDE_IN_FRAMEWORK_HEADER = YES;
				CLANG_WARN_RANGE_LOOP_ANALYSIS = YES;
				CLANG_WARN_STRICT_PROTOTYPES = YES;
				CLANG_WARN_SUSPICIOUS_MOVE = YES;
				CLANG_WARN_UNGUARDED_AVAILABILITY = YES_AGGRESSIVE;
				CLANG_WARN_UNREACHABLE_CODE = YES;
				CLANG_WARN__DUPLICATE_METHOD_MATCH = YES;
				COPY_PHASE_STRIP = NO;
				DEBUG_INFORMATION_FORMAT = "dwarf-with-dsym";
				ENABLE_NS_ASSERTIONS = NO;
				ENABLE_STRICT_OBJC_MSGSEND = YES;
				GCC_C_LANGUAGE_STANDARD = gnu11;
				GCC_NO_COMMON_BLOCKS = YES;
				GCC_WARN_64_TO_32_BIT_CONVERSION = YES;
				GCC_WARN_ABOUT_RETURN_TYPE = YES_ERROR;
				GCC_WARN_UNDECLARED_SELECTOR = YES;
				GCC_WARN_UNINITIALIZED_AUTOS = YES_AGGRESSIVE;
				GCC_WARN_UNUSED_FUNCTION = YES;
				GCC_WARN_UNUSED_VARIABLE = YES;
				IPHONEOS_DEPLOYMENT_TARGET = 15.0;
				MTL_ENABLE_DEBUG_INFO = NO;
				MTL_FAST_MATH = YES;
				SDKROOT = iphoneos;
				SWIFT_COMPILATION_MODE = wholemodule;
				SWIFT_OPTIMIZATION_LEVEL = "-O";
				VALIDATE_PRODUCT = YES;
			};
			name = Release;
		};
		EBFA02A42768DA930021FE79 /* Debug */ = {
			isa = XCBuildConfiguration;
			buildSettings = {
				ASSETCATALOG_COMPILER_APPICON_NAME = AppIcon;
				ASSETCATALOG_COMPILER_GLOBAL_ACCENT_COLOR_NAME = AccentColor;
				CODE_SIGN_STYLE = Automatic;
				CURRENT_PROJECT_VERSION = 1;
				DEVELOPMENT_TEAM = QK5DGD2ADV;
				GENERATE_INFOPLIST_FILE = YES;
				INFOPLIST_FILE = Cards/Info.plist;
				INFOPLIST_KEY_UIApplicationSupportsIndirectInputEvents = YES;
				INFOPLIST_KEY_UILaunchStoryboardName = LaunchScreen;
				INFOPLIST_KEY_UIMainStoryboardFile = Main;
				INFOPLIST_KEY_UISupportedInterfaceOrientations_iPad = "UIInterfaceOrientationPortrait UIInterfaceOrientationPortraitUpsideDown UIInterfaceOrientationLandscapeLeft UIInterfaceOrientationLandscapeRight";
				INFOPLIST_KEY_UISupportedInterfaceOrientations_iPhone = "UIInterfaceOrientationPortrait UIInterfaceOrientationLandscapeLeft UIInterfaceOrientationLandscapeRight";
				LD_RUNPATH_SEARCH_PATHS = (
					"$(inherited)",
					"@executable_path/Frameworks",
				);
				MARKETING_VERSION = 1.0;
				PRODUCT_BUNDLE_IDENTIFIER = ru.sharubin.Cards;
				PRODUCT_NAME = "$(TARGET_NAME)";
				SWIFT_EMIT_LOC_STRINGS = YES;
				SWIFT_VERSION = 5.0;
				TARGETED_DEVICE_FAMILY = "1,2";
			};
			name = Debug;
		};
		EBFA02A52768DA930021FE79 /* Release */ = {
			isa = XCBuildConfiguration;
			buildSettings = {
				ASSETCATALOG_COMPILER_APPICON_NAME = AppIcon;
				ASSETCATALOG_COMPILER_GLOBAL_ACCENT_COLOR_NAME = AccentColor;
				CODE_SIGN_STYLE = Automatic;
				CURRENT_PROJECT_VERSION = 1;
				DEVELOPMENT_TEAM = QK5DGD2ADV;
				GENERATE_INFOPLIST_FILE = YES;
				INFOPLIST_FILE = Cards/Info.plist;
				INFOPLIST_KEY_UIApplicationSupportsIndirectInputEvents = YES;
				INFOPLIST_KEY_UILaunchStoryboardName = LaunchScreen;
				INFOPLIST_KEY_UIMainStoryboardFile = Main;
				INFOPLIST_KEY_UISupportedInterfaceOrientations_iPad = "UIInterfaceOrientationPortrait UIInterfaceOrientationPortraitUpsideDown UIInterfaceOrientationLandscapeLeft UIInterfaceOrientationLandscapeRight";
				INFOPLIST_KEY_UISupportedInterfaceOrientations_iPhone = "UIInterfaceOrientationPortrait UIInterfaceOrientationLandscapeLeft UIInterfaceOrientationLandscapeRight";
				LD_RUNPATH_SEARCH_PATHS = (
					"$(inherited)",
					"@executable_path/Frameworks",
				);
				MARKETING_VERSION = 1.0;
				PRODUCT_BUNDLE_IDENTIFIER = ru.sharubin.Cards;
				PRODUCT_NAME = "$(TARGET_NAME)";
				SWIFT_EMIT_LOC_STRINGS = YES;
				SWIFT_VERSION = 5.0;
				TARGETED_DEVICE_FAMILY = "1,2";
			};
			name = Release;
		};
/* End XCBuildConfiguration section */

/* Begin XCConfigurationList section */
		EBFA028A2768DA8A0021FE79 /* Build configuration list for PBXProject "Cards" */ = {
			isa = XCConfigurationList;
			buildConfigurations = (
				EBFA02A12768DA930021FE79 /* Debug */,
				EBFA02A22768DA930021FE79 /* Release */,
			);
			defaultConfigurationIsVisible = 0;
			defaultConfigurationName = Release;
		};
		EBFA02A32768DA930021FE79 /* Build configuration list for PBXNativeTarget "Cards" */ = {
			isa = XCConfigurationList;
			buildConfigurations = (
				EBFA02A42768DA930021FE79 /* Debug */,
				EBFA02A52768DA930021FE79 /* Release */,
			);
			defaultConfigurationIsVisible = 0;
			defaultConfigurationName = Release;
		};
/* End XCConfigurationList section */
	};
	rootObject = EBFA02872768DA8A0021FE79 /* Project object */;
}
